
Microsoft Visual Studio Solution File, Format Version 12.00
# Visual Studio Version 17
VisualStudioVersion = 17.9.34622.214
MinimumVisualStudioVersion = 10.0.40219.1
Project("{FAE04EC0-301F-11D3-BF4B-00C04F79EFBC}") = "Game", "Catching eggs\Game.csproj", "{D7ACD3C0-4E56-4A4B-8BB0-7D2E53337CAC}"
EndProject
Global
	GlobalSection(SolutionConfigurationPlatforms) = preSolution
		Debug|Any CPU = Debug|Any CPU
		Release|Any CPU = Release|Any CPU
	EndGlobalSection
	GlobalSection(ProjectConfigurationPlatforms) = postSolution
		{D7ACD3C0-4E56-4A4B-8BB0-7D2E53337CAC}.Debug|Any CPU.ActiveCfg = Debug|Any CPU
		{D7ACD3C0-4E56-4A4B-8BB0-7D2E53337CAC}.Debug|Any CPU.Build.0 = Debug|Any CPU
		{D7ACD3C0-4E56-4A4B-8BB0-7D2E53337CAC}.Release|Any CPU.ActiveCfg = Release|Any CPU
		{D7ACD3C0-4E56-4A4B-8BB0-7D2E53337CAC}.Release|Any CPU.Build.0 = Release|Any CPU
	EndGlobalSection
	GlobalSection(SolutionProperties) = preSolution
		HideSolutionNode = FALSE
	EndGlobalSection
	GlobalSection(ExtensibilityGlobals) = postSolution
		SolutionGuid = {8F64AC1D-F4D2-443B-B65F-1F45C9D7F822}
	EndGlobalSection
EndGlobal
